
Microsoft Visual Studio Solution File, Format Version 12.00
# Visual Studio 15
VisualStudioVersion = 15.0.27130.2036
MinimumVisualStudioVersion = 10.0.40219.1
Project("{FAE04EC0-301F-11D3-BF4B-00C04F79EFBC}") = "Lunar-Astrofun", "Lunar-Astrofun\Lunar-Astrofun.csproj", "{5C8986D1-1A8C-4002-8BCF-91412797C3DD}"
EndProject
Global
	GlobalSection(SolutionConfigurationPlatforms) = preSolution
		Debug|Any CPU = Debug|Any CPU
		Release|Any CPU = Release|Any CPU
	EndGlobalSection
	GlobalSection(ProjectConfigurationPlatforms) = postSolution
		{5C8986D1-1A8C-4002-8BCF-91412797C3DD}.Debug|Any CPU.ActiveCfg = Debug|Any CPU
		{5C8986D1-1A8C-4002-8BCF-91412797C3DD}.Debug|Any CPU.Build.0 = Debug|Any CPU
		{5C8986D1-1A8C-4002-8BCF-91412797C3DD}.Release|Any CPU.ActiveCfg = Release|Any CPU
		{5C8986D1-1A8C-4002-8BCF-91412797C3DD}.Release|Any CPU.Build.0 = Release|Any CPU
	EndGlobalSection
	GlobalSection(SolutionProperties) = preSolution
		HideSolutionNode = FALSE
	EndGlobalSection
	GlobalSection(ExtensibilityGlobals) = postSolution
		SolutionGuid = {7AA0A515-0F77-4DAD-8193-73DF8967FDE0}
	EndGlobalSection
EndGlobal
